github.com/aead/siphash v1.0.1 h1:FwHfE/T45KPKYuuSAKyyvE+oPWcaQ+CUmFW0bPlM+kg=
github.com/aead/siphash v1.0.1/go.mod h1:Nywa3cDsYNNK3gaciGTWPwHt0wlpNV15vwmswBAUSII=
github.com/davecgh/go-spew v1.1.1 h1:vj9j/u1bqnvCEfJOwUhtlOARqs3+rkHYY13jYWTU97c=
github.com/davecgh/go-spew v1.1.1/go.mod h1:J7Y8YcW2NihsgmVo/mv3lAwl/skON4iLHjSsI+c5H38=
github.com/kkdai/bstream v1.0.0 h1:Se5gHwgp2VT2uHfDrkbbgbgEvV9cimLELwrPJctSjg8=
github.com/kkdai/bstream v1.0.0/go.mod h1:FDnDOHt5Yx4p3FaHcioFT0QjDOtgUpvjeZqAs+NVZZA=
github.com/rocpig/btclog v0.0.0-20190819030556-053337113880 h1:zzBZDwqbpZ+ocia25DPh555+FwJczqkFR2xid40Bza8=
github.com/rocpig/btclog v0.0.0-20190819030556-053337113880/go.mod h1:ttUkN50Dj0cbpHqA+GHh/FUhRnqq315HnTrREKC20E4=
github.com/rocpig/dashutil v0.0.0-20190315023945-1b39fba8f748 h1:DAQNM2xo+CFlhNlaSIUfrHoxAL0fZVLbf4TM+li+1lA=
github.com/rocpig/dashutil v0.0.0-20190315023945-1b39fba8f748/go.mod h1:kO9zT6aIJ3aOFFIwA0N2Ss42RxcFZ08mTxKf5ttL514=
golang.org/x/crypto v0.0.0-20190308221718-c2843e01d9a2/go.mod h1:djNgcEr1/C05ACkg1iLfiJU5Ep61QUkGW8qpdssI0+w=
golang.org/x/crypto v0.0.0-20190701094942-4def268fd1a4 h1:HuIa8hRrWRSrqYzx1qI49NNxhdi2PrY7gxVSq1JjLDc=
golang.org/x/crypto v0.0.0-20190701094942-4def268fd1a4/go.mod h1:yigFU9vqHzYiE8UmvKecakEJjdnWj3jj499lnFckfCI=
golang.org/x/net v0.0.0-20190404232315-eb5bcb51f2a3/go.mod h1:t9HGtf8HONx5eT2rtn7q6eTqICYqUVnKs3thJo3Qplg=
golang.org/x/sys v0.0.0-20190215142949-d0b11bdaac8a/go.mod h1:STP8DvDyc/dI5b8T5hshtkjS+E42TnysNCUPdjciGhY=
golang.org/x/sys v0.0.0-20190412213103-97732733099d/go.mod h1:h1NjWce9XRLGQEsW7wpKNCjG9DtNlClVuFLEZdDNbEs=
golang.org/x/text v0.3.0/go.mod h1:NqM8EUOU14njkJ3fqMW+pc6Ldnwhi/IjpwHt7yyuwOQ=
